<?xml version="1.0" encoding="utf-8"?>
<Project ToolsVersion="4.0" xmlns="http://schemas.microsoft.com/developer/msbuild/2003">
  <ItemGroup>
    <Filter Include="Source Files">
      <UniqueIdentifier>{f2fa0c72-647d-400d-b18f-95a63aa5eeca}</UniqueIdentifier>
    </Filter>
    <Filter Include="Source Files\Cross Platform Shim">
      <UniqueIdentifier>{5ba863f3-b147-473e-90cd-c58282854fbe}</UniqueIdentifier>
    </Filter>
    <Filter Include="Resources">
      <UniqueIdentifier>{22e35757-3564-41d1-919f-a3331bc1b341}</UniqueIdentifier>
    </Filter>
    <Filter Include="Driver Files">
      <UniqueIdentifier>{25cea26e-6fe9-489d-9f3f-494d76c39c07}</UniqueIdentifier>
    </Filter>
  </ItemGroup>
  <ItemGroup>
    <ClCompile Include="..\src\bitops.c">
      <Filter>Source Files\Cross Platform Shim</Filter>
    </ClCompile>
    <ClCompile Include="..\src\hweight.c">
      <Filter>Source Files\Cross Platform Shim</Filter>
    </ClCompile>
    <ClCompile Include="..\src\device.c">
      <Filter>Source Files</Filter>
    </ClCompile>
    <ClCompile Include="..\src\driver.c">
      <Filter>Source Files</Filter>
    </ClCompile>
    <ClCompile Include="..\src\hid.c">
      <Filter>Source Files</Filter>
    </ClCompile>
    <ClCompile Include="..\src\idle.c">
      <Filter>Source Files</Filter>
    </ClCompile>
    <ClCompile Include="..\src\init.c">
      <Filter>Source Files</Filter>
    </ClCompile>
    <ClCompile Include="..\src\power.c">
      <Filter>Source Files</Filter>
    </ClCompile>
    <ClCompile Include="..\src\queue.c">
      <Filter>Source Files</Filter>
    </ClCompile>
    <ClCompile Include="..\src\registry.c">
      <Filter>Source Files</Filter>
    </ClCompile>
    <ClCompile Include="..\src\report.c">
      <Filter>Source Files</Filter>
    </ClCompile>
    <ClCompile Include="..\src\resolutions.c">
      <Filter>Source Files</Filter>
    </ClCompile>
    <ClCompile Include="..\src\spb.c">
      <Filter>Source Files</Filter>
    </ClCompile>
  </ItemGroup>
  <ItemGroup>
    <ResourceCompile Include="..\src\Resource.rc">
      <Filter>Resources</Filter>
    </ResourceCompile>
  </ItemGroup>
  <ItemGroup>
    <Inf Include="..\src\SynapticsTouch.inf">
      <Filter>Driver Files</Filter>
    </Inf>
  </ItemGroup>
</Project>