<?xml version="1.0" encoding="utf-8"?>
<Project ToolsVersion="4.0" xmlns="http://schemas.microsoft.com/developer/msbuild/2003">
  <ItemGroup>
    <Filter Include="Source Files">
      <Extensions>cpp;c;cc;cxx;def;odl;idl;hpj;bat;asm;asmx;*</Extensions>
      <UniqueIdentifier>{934070B2-3325-476F-AEBF-5A5FE4E02C36}</UniqueIdentifier>
    </Filter>
    <Filter Include="Header Files">
      <Extensions>h;hpp;hxx;hm;inl;inc;xsd</Extensions>
      <UniqueIdentifier>{BEACF89E-6800-49FD-A14A-7B53288D5491}</UniqueIdentifier>
    </Filter>
    <Filter Include="Resource Files">
      <Extensions>rc;ico;cur;bmp;dlg;rc2;rct;bin;rgs;gif;jpg;jpeg;jpe;resx;tiff;tif;png;wav;mfcribbon-ms;man;xml</Extensions>
      <UniqueIdentifier>{ABD7DD59-0820-45CB-9D9A-C88549CE43AE}</UniqueIdentifier>
    </Filter>
    <Filter Include="Driver Files">
      <Extensions>inf;inv;inx;mof;mc;</Extensions>
      <UniqueIdentifier>{A2EA0C74-0B20-4F74-89F4-67DE9E1A7C98}</UniqueIdentifier>
    </Filter>
    <Filter Include="Source Files\XPlat">
      <UniqueIdentifier>{9b843f14-745d-4ded-b9b4-fc8e7d5d5c72}</UniqueIdentifier>
    </Filter>
  </ItemGroup>
  <ItemGroup>
    <ClCompile Include="device.c; driver.c; hid.c; idle.c; init.c; power.c; queue.c; report.c; resolutions.c; registry.c; spb.c">
      <Filter>Source Files</Filter>
    </ClCompile>
    <ClCompile Include="device.c; driver.c; hid.c; idle.c; init.c; power.c; queue.c; report.c; resolutions.c; registry.c; spb.c">
      <Filter>Source Files</Filter>
    </ClCompile>
    <ClCompile Include="device.c; driver.c; hid.c; idle.c; init.c; power.c; queue.c; report.c; resolutions.c; registry.c; spb.c">
      <Filter>Source Files</Filter>
    </ClCompile>
    <ClCompile Include="device.c; driver.c; hid.c; idle.c; init.c; power.c; queue.c; report.c; resolutions.c; registry.c; spb.c">
      <Filter>Source Files</Filter>
    </ClCompile>
    <ClCompile Include="device.c; driver.c; hid.c; idle.c; init.c; power.c; queue.c; report.c; resolutions.c; registry.c; spb.c">
      <Filter>Source Files</Filter>
    </ClCompile>
    <ClCompile Include="device.c; driver.c; hid.c; idle.c; init.c; power.c; queue.c; report.c; resolutions.c; registry.c; spb.c">
      <Filter>Source Files</Filter>
    </ClCompile>
    <ClCompile Include="device.c; driver.c; hid.c; idle.c; init.c; power.c; queue.c; report.c; resolutions.c; registry.c; spb.c">
      <Filter>Source Files</Filter>
    </ClCompile>
    <ClCompile Include="device.c; driver.c; hid.c; idle.c; init.c; power.c; queue.c; report.c; resolutions.c; registry.c; spb.c">
      <Filter>Source Files</Filter>
    </ClCompile>
    <ClCompile Include="device.c; driver.c; hid.c; idle.c; init.c; power.c; queue.c; report.c; resolutions.c; registry.c; spb.c">
      <Filter>Source Files</Filter>
    </ClCompile>
    <ClCompile Include="device.c; driver.c; hid.c; idle.c; init.c; power.c; queue.c; report.c; resolutions.c; registry.c; spb.c">
      <Filter>Source Files</Filter>
    </ClCompile>
    <ClCompile Include="device.c; driver.c; hid.c; idle.c; init.c; power.c; queue.c; report.c; resolutions.c; registry.c; spb.c">
      <Filter>Source Files</Filter>
    </ClCompile>
    <ClCompile Include="device.c; driver.c; hid.c; idle.c; init.c; power.c; queue.c; report.c; resolutions.c; registry.c; spb.c">
      <Filter>Source Files</Filter>
    </ClCompile>
    <ClCompile Include="device.c; driver.c; hid.c; idle.c; init.c; power.c; queue.c; report.c; resolutions.c; registry.c; spb.c">
      <Filter>Source Files</Filter>
    </ClCompile>
    <ClCompile Include="device.c; driver.c; hid.c; idle.c; init.c; power.c; queue.c; report.c; resolutions.c; registry.c; spb.c">
      <Filter>Source Files</Filter>
    </ClCompile>
    <ClCompile Include="device.c; driver.c; hid.c; idle.c; init.c; power.c; queue.c; report.c; resolutions.c; registry.c; spb.c">
      <Filter>Source Files</Filter>
    </ClCompile>
    <ClCompile Include="device.c; driver.c; hid.c; idle.c; init.c; power.c; queue.c; report.c; resolutions.c; registry.c; spb.c">
      <Filter>Source Files</Filter>
    </ClCompile>
    <ClCompile Include="device.c; driver.c; hid.c; idle.c; init.c; power.c; queue.c; report.c; resolutions.c; registry.c; spb.c">
      <Filter>Source Files</Filter>
    </ClCompile>
    <ClCompile Include="device.c; driver.c; hid.c; idle.c; init.c; power.c; queue.c; report.c; resolutions.c; registry.c; spb.c">
      <Filter>Source Files</Filter>
    </ClCompile>
    <ClCompile Include="device.c; driver.c; hid.c; idle.c; init.c; power.c; queue.c; report.c; resolutions.c; registry.c; spb.c">
      <Filter>Source Files</Filter>
    </ClCompile>
    <ClCompile Include="device.c; driver.c; hid.c; idle.c; init.c; power.c; queue.c; report.c; resolutions.c; registry.c; spb.c">
      <Filter>Source Files</Filter>
    </ClCompile>
    <ClCompile Include="device.c; driver.c; hid.c; idle.c; init.c; power.c; queue.c; report.c; resolutions.c; registry.c; spb.c">
      <Filter>Source Files</Filter>
    </ClCompile>
    <ClCompile Include="device.c; driver.c; hid.c; idle.c; init.c; power.c; queue.c; report.c; resolutions.c; registry.c; spb.c">
      <Filter>Source Files</Filter>
    </ClCompile>
    <ClCompile Include="device.c; driver.c; hid.c; idle.c; init.c; power.c; queue.c; report.c; resolutions.c; registry.c; spb.c">
      <Filter>Source Files</Filter>
    </ClCompile>
    <ClCompile Include="device.c; driver.c; hid.c; idle.c; init.c; power.c; queue.c; report.c; resolutions.c; registry.c; spb.c">
      <Filter>Source Files</Filter>
    </ClCompile>
    <ClCompile Include="device.c; driver.c; hid.c; idle.c; init.c; power.c; queue.c; report.c; resolutions.c; registry.c; spb.c">
      <Filter>Source Files</Filter>
    </ClCompile>
    <ClCompile Include="device.c; driver.c; hid.c; idle.c; init.c; power.c; queue.c; report.c; resolutions.c; registry.c; spb.c">
      <Filter>Source Files</Filter>
    </ClCompile>
    <ClCompile Include="device.c; driver.c; hid.c; idle.c; init.c; power.c; queue.c; report.c; resolutions.c; registry.c; spb.c">
      <Filter>Source Files</Filter>
    </ClCompile>
    <ClCompile Include="device.c; driver.c; hid.c; idle.c; init.c; power.c; queue.c; report.c; resolutions.c; registry.c; spb.c">
      <Filter>Source Files</Filter>
    </ClCompile>
    <ClCompile Include="device.c; driver.c; hid.c; idle.c; init.c; power.c; queue.c; report.c; resolutions.c; registry.c; spb.c">
      <Filter>Source Files</Filter>
    </ClCompile>
    <ClCompile Include="device.c; driver.c; hid.c; idle.c; init.c; power.c; queue.c; report.c; resolutions.c; registry.c; spb.c">
      <Filter>Source Files</Filter>
    </ClCompile>
    <ClCompile Include="device.c; driver.c; hid.c; idle.c; init.c; power.c; queue.c; report.c; resolutions.c; registry.c; spb.c">
      <Filter>Source Files</Filter>
    </ClCompile>
    <ClCompile Include="device.c; driver.c; hid.c; idle.c; init.c; power.c; queue.c; report.c; resolutions.c; registry.c; spb.c">
      <Filter>Source Files</Filter>
    </ClCompile>
    <ClCompile Include="device.c; driver.c; hid.c; idle.c; init.c; power.c; queue.c; report.c; resolutions.c; registry.c; spb.c">
      <Filter>Source Files</Filter>
    </ClCompile>
    <ClCompile Include="device.c; driver.c; hid.c; idle.c; init.c; power.c; queue.c; report.c; resolutions.c; registry.c; spb.c">
      <Filter>Source Files</Filter>
    </ClCompile>
    <ClCompile Include="device.c; driver.c; hid.c; idle.c; init.c; power.c; queue.c; report.c; resolutions.c; registry.c; spb.c">
      <Filter>Source Files</Filter>
    </ClCompile>
    <ClCompile Include="device.c; driver.c; hid.c; idle.c; init.c; power.c; queue.c; report.c; resolutions.c; registry.c; spb.c">
      <Filter>Source Files</Filter>
    </ClCompile>
    <ClCompile Include="device.c; driver.c; hid.c; idle.c; init.c; power.c; queue.c; report.c; resolutions.c; registry.c; spb.c">
      <Filter>Source Files</Filter>
    </ClCompile>
    <ClCompile Include="device.c; driver.c; hid.c; idle.c; init.c; power.c; queue.c; report.c; resolutions.c; registry.c; spb.c">
      <Filter>Source Files</Filter>
    </ClCompile>
    <ClCompile Include="device.c; driver.c; hid.c; idle.c; init.c; power.c; queue.c; report.c; resolutions.c; registry.c; spb.c">
      <Filter>Source Files</Filter>
    </ClCompile>
    <ClCompile Include="device.c; driver.c; hid.c; idle.c; init.c; power.c; queue.c; report.c; resolutions.c; registry.c; spb.c">
      <Filter>Source Files</Filter>
    </ClCompile>
    <ClCompile Include="device.c; driver.c; hid.c; idle.c; init.c; power.c; queue.c; report.c; resolutions.c; registry.c; spb.c">
      <Filter>Source Files</Filter>
    </ClCompile>
    <ClCompile Include="bitops.c">
      <Filter>Source Files\XPlat</Filter>
    </ClCompile>
    <ClCompile Include="hweight.c">
      <Filter>Source Files\XPlat</Filter>
    </ClCompile>
    <ClCompile Include="device.c; driver.c; hid.c; idle.c; init.c; power.c; queue.c; report.c; resolutions.c; registry.c; spb.c">
      <Filter>Source Files</Filter>
    </ClCompile>
    <ClCompile Include="device.c; driver.c; hid.c; idle.c; init.c; power.c; queue.c; report.c; resolutions.c; registry.c; spb.c">
      <Filter>Source Files</Filter>
    </ClCompile>
    <ClCompile Include="device.c; driver.c; hid.c; idle.c; init.c; power.c; queue.c; report.c; resolutions.c; registry.c; spb.c">
      <Filter>Source Files</Filter>
    </ClCompile>
    <ClCompile Include="device.c; driver.c; hid.c; idle.c; init.c; power.c; queue.c; report.c; resolutions.c; registry.c; spb.c">
      <Filter>Source Files</Filter>
    </ClCompile>
    <ClCompile Include="device.c; driver.c; hid.c; idle.c; init.c; power.c; queue.c; report.c; resolutions.c; registry.c; spb.c">
      <Filter>Source Files</Filter>
    </ClCompile>
    <ClCompile Include="device.c; driver.c; hid.c; idle.c; init.c; power.c; queue.c; report.c; resolutions.c; registry.c; spb.c">
      <Filter>Source Files</Filter>
    </ClCompile>
    <ClCompile Include="device.c; driver.c; hid.c; idle.c; init.c; power.c; queue.c; report.c; resolutions.c; registry.c; spb.c">
      <Filter>Source Files</Filter>
    </ClCompile>
    <ClCompile Include="device.c; driver.c; hid.c; idle.c; init.c; power.c; queue.c; report.c; resolutions.c; registry.c; spb.c">
      <Filter>Source Files</Filter>
    </ClCompile>
    <ClCompile Include="device.c; driver.c; hid.c; idle.c; init.c; power.c; queue.c; report.c; resolutions.c; registry.c; spb.c">
      <Filter>Source Files</Filter>
    </ClCompile>
    <ClCompile Include="device.c; driver.c; hid.c; idle.c; init.c; power.c; queue.c; report.c; resolutions.c; registry.c; spb.c">
      <Filter>Source Files</Filter>
    </ClCompile>
  </ItemGroup>
  <ItemGroup>
    <ClInclude Include="*.h;*.hpp;*.hxx;*.hm;*.inl;*.xsd">
      <Filter>Header Files</Filter>
    </ClInclude>
    <ClInclude Include="*.h;*.hpp;*.hxx;*.hm;*.inl;*.xsd">
      <Filter>Header Files</Filter>
    </ClInclude>
    <ClInclude Include="*.h;*.hpp;*.hxx;*.hm;*.inl;*.xsd">
      <Filter>Header Files</Filter>
    </ClInclude>
    <ClInclude Include="*.h;*.hpp;*.hxx;*.hm;*.inl;*.xsd">
      <Filter>Header Files</Filter>
    </ClInclude>
    <ClInclude Include="*.h;*.hpp;*.hxx;*.hm;*.inl;*.xsd">
      <Filter>Header Files</Filter>
    </ClInclude>
    <ClInclude Include="*.h;*.hpp;*.hxx;*.hm;*.inl;*.xsd">
      <Filter>Header Files</Filter>
    </ClInclude>
    <ClInclude Include="*.h;*.hpp;*.hxx;*.hm;*.inl;*.xsd">
      <Filter>Header Files</Filter>
    </ClInclude>
    <ClInclude Include="*.h;*.hpp;*.hxx;*.hm;*.inl;*.xsd">
      <Filter>Header Files</Filter>
    </ClInclude>
    <ClInclude Include="*.h;*.hpp;*.hxx;*.hm;*.inl;*.xsd">
      <Filter>Header Files</Filter>
    </ClInclude>
    <ClInclude Include="*.h;*.hpp;*.hxx;*.hm;*.inl;*.xsd">
      <Filter>Header Files</Filter>
    </ClInclude>
    <ClInclude Include="*.h;*.hpp;*.hxx;*.hm;*.inl;*.xsd">
      <Filter>Header Files</Filter>
    </ClInclude>
    <ClInclude Include="*.h;*.hpp;*.hxx;*.hm;*.inl;*.xsd">
      <Filter>Header Files</Filter>
    </ClInclude>
    <ClInclude Include="*.h;*.hpp;*.hxx;*.hm;*.inl;*.xsd">
      <Filter>Header Files</Filter>
    </ClInclude>
    <ClInclude Include="*.h;*.hpp;*.hxx;*.hm;*.inl;*.xsd">
      <Filter>Header Files</Filter>
    </ClInclude>
    <ClInclude Include="*.h;*.hpp;*.hxx;*.hm;*.inl;*.xsd">
      <Filter>Header Files</Filter>
    </ClInclude>
    <ClInclude Include="*.h;*.hpp;*.hxx;*.hm;*.inl;*.xsd">
      <Filter>Header Files</Filter>
    </ClInclude>
    <ClInclude Include="*.h;*.hpp;*.hxx;*.hm;*.inl;*.xsd">
      <Filter>Header Files</Filter>
    </ClInclude>
    <ClInclude Include="*.h;*.hpp;*.hxx;*.hm;*.inl;*.xsd">
      <Filter>Header Files</Filter>
    </ClInclude>
    <ClInclude Include="*.h;*.hpp;*.hxx;*.hm;*.inl;*.xsd">
      <Filter>Header Files</Filter>
    </ClInclude>
    <ClInclude Include="*.h;*.hpp;*.hxx;*.hm;*.inl;*.xsd">
      <Filter>Header Files</Filter>
    </ClInclude>
    <ClInclude Include="*.h;*.hpp;*.hxx;*.hm;*.inl;*.xsd">
      <Filter>Header Files</Filter>
    </ClInclude>
    <ClInclude Include="*.h;*.hpp;*.hxx;*.hm;*.inl;*.xsd">
      <Filter>Header Files</Filter>
    </ClInclude>
    <ClInclude Include="*.h;*.hpp;*.hxx;*.hm;*.inl;*.xsd">
      <Filter>Header Files</Filter>
    </ClInclude>
    <ClInclude Include="*.h;*.hpp;*.hxx;*.hm;*.inl;*.xsd">
      <Filter>Header Files</Filter>
    </ClInclude>
    <ClInclude Include="*.h;*.hpp;*.hxx;*.hm;*.inl;*.xsd">
      <Filter>Header Files</Filter>
    </ClInclude>
    <ClInclude Include="*.h;*.hpp;*.hxx;*.hm;*.inl;*.xsd">
      <Filter>Header Files</Filter>
    </ClInclude>
    <ClInclude Include="*.h;*.hpp;*.hxx;*.hm;*.inl;*.xsd">
      <Filter>Header Files</Filter>
    </ClInclude>
    <ClInclude Include="*.h;*.hpp;*.hxx;*.hm;*.inl;*.xsd">
      <Filter>Header Files</Filter>
    </ClInclude>
    <ClInclude Include="*.h;*.hpp;*.hxx;*.hm;*.inl;*.xsd">
      <Filter>Header Files</Filter>
    </ClInclude>
    <ClInclude Include="*.h;*.hpp;*.hxx;*.hm;*.inl;*.xsd">
      <Filter>Header Files</Filter>
    </ClInclude>
    <ClInclude Include="*.h;*.hpp;*.hxx;*.hm;*.inl;*.xsd">
      <Filter>Header Files</Filter>
    </ClInclude>
    <ClInclude Include="*.h;*.hpp;*.hxx;*.hm;*.inl;*.xsd">
      <Filter>Header Files</Filter>
    </ClInclude>
    <ClInclude Include="*.h;*.hpp;*.hxx;*.hm;*.inl;*.xsd">
      <Filter>Header Files</Filter>
    </ClInclude>
    <ClInclude Include="*.h;*.hpp;*.hxx;*.hm;*.inl;*.xsd">
      <Filter>Header Files</Filter>
    </ClInclude>
    <ClInclude Include="*.h;*.hpp;*.hxx;*.hm;*.inl;*.xsd">
      <Filter>Header Files</Filter>
    </ClInclude>
    <ClInclude Include="*.h;*.hpp;*.hxx;*.hm;*.inl;*.xsd">
      <Filter>Header Files</Filter>
    </ClInclude>
    <ClInclude Include="*.h;*.hpp;*.hxx;*.hm;*.inl;*.xsd">
      <Filter>Header Files</Filter>
    </ClInclude>
    <ClInclude Include="*.h;*.hpp;*.hxx;*.hm;*.inl;*.xsd">
      <Filter>Header Files</Filter>
    </ClInclude>
    <ClInclude Include="*.h;*.hpp;*.hxx;*.hm;*.inl;*.xsd">
      <Filter>Header Files</Filter>
    </ClInclude>
    <ClInclude Include="*.h;*.hpp;*.hxx;*.hm;*.inl;*.xsd">
      <Filter>Header Files</Filter>
    </ClInclude>
    <ClInclude Include="*.h;*.hpp;*.hxx;*.hm;*.inl;*.xsd">
      <Filter>Header Files</Filter>
    </ClInclude>
    <ClInclude Include="*.h;*.hpp;*.hxx;*.hm;*.inl;*.xsd">
      <Filter>Header Files</Filter>
    </ClInclude>
    <ClInclude Include="*.h;*.hpp;*.hxx;*.hm;*.inl;*.xsd">
      <Filter>Header Files</Filter>
    </ClInclude>
    <ClInclude Include="*.h;*.hpp;*.hxx;*.hm;*.inl;*.xsd">
      <Filter>Header Files</Filter>
    </ClInclude>
    <ClInclude Include="*.h;*.hpp;*.hxx;*.hm;*.inl;*.xsd">
      <Filter>Header Files</Filter>
    </ClInclude>
    <ClInclude Include="*.h;*.hpp;*.hxx;*.hm;*.inl;*.xsd">
      <Filter>Header Files</Filter>
    </ClInclude>
    <ClInclude Include="*.h;*.hpp;*.hxx;*.hm;*.inl;*.xsd">
      <Filter>Header Files</Filter>
    </ClInclude>
    <ClInclude Include="*.h;*.hpp;*.hxx;*.hm;*.inl;*.xsd">
      <Filter>Header Files</Filter>
    </ClInclude>
    <ClInclude Include="*.h;*.hpp;*.hxx;*.hm;*.inl;*.xsd">
      <Filter>Header Files</Filter>
    </ClInclude>
    <ClInclude Include="*.h;*.hpp;*.hxx;*.hm;*.inl;*.xsd">
      <Filter>Header Files</Filter>
    </ClInclude>
    <ClInclude Include="*.h;*.hpp;*.hxx;*.hm;*.inl;*.xsd">
      <Filter>Header Files</Filter>
    </ClInclude>
    <ClInclude Include="*.h;*.hpp;*.hxx;*.hm;*.inl;*.xsd">
      <Filter>Header Files</Filter>
    </ClInclude>
    <ClInclude Include="*.h;*.hpp;*.hxx;*.hm;*.inl;*.xsd">
      <Filter>Header Files</Filter>
    </ClInclude>
    <ClInclude Include="*.h;*.hpp;*.hxx;*.hm;*.inl;*.xsd">
      <Filter>Header Files</Filter>
    </ClInclude>
  </ItemGroup>
  <ItemGroup>
    <Inf Include="SynapticsTouch.inf">
      <Filter>Driver Files</Filter>
    </Inf>
  </ItemGroup>
</Project>